// !$*UTF8*$!
{
	archiveVersion = 1;
	classes = {
	};
	objectVersion = 56;
	objects = {

/* Begin PBXBuildFile section */
		0331A0E22BB55C2F00D88C58 /* FirebaseAuth in Frameworks */ = {isa = PBXBuildFile; productRef = 0331A0E12BB55C2F00D88C58 /* FirebaseAuth */; };
		0331A0E42BB55C2F00D88C58 /* FirebaseFirestore in Frameworks */ = {isa = PBXBuildFile; productRef = 0331A0E32BB55C2F00D88C58 /* FirebaseFirestore */; };
		0331A0E62BB55C2F00D88C58 /* FirebaseFirestoreSwift in Frameworks */ = {isa = PBXBuildFile; productRef = 0331A0E52BB55C2F00D88C58 /* FirebaseFirestoreSwift */; };
		0331A0E82BB55C2F00D88C58 /* FirebaseStorage in Frameworks */ = {isa = PBXBuildFile; productRef = 0331A0E72BB55C2F00D88C58 /* FirebaseStorage */; };
		0331A0EA2BB55DCB00D88C58 /* Date.swift in Sources */ = {isa = PBXBuildFile; fileRef = 0331A0E92BB55DCB00D88C58 /* Date.swift */; };
		0349B4832B95FBC50008FC08 /* ChatService.swift in Sources */ = {isa = PBXBuildFile; fileRef = 0349B4822B95FBC50008FC08 /* ChatService.swift */; };
		0349B4862B95FC6C0008FC08 /* Constants.swift in Sources */ = {isa = PBXBuildFile; fileRef = 0349B4852B95FC6C0008FC08 /* Constants.swift */; };
		0349B4892B95FF1D0008FC08 /* InboxService.swift in Sources */ = {isa = PBXBuildFile; fileRef = 0349B4882B95FF1D0008FC08 /* InboxService.swift */; };
		0349DFA72B5E3E0E00BA3E49 /* MessangerApp.swift in Sources */ = {isa = PBXBuildFile; fileRef = 0349DFA62B5E3E0E00BA3E49 /* MessangerApp.swift */; };
		0349DFA92B5E3E0E00BA3E49 /* ContentView.swift in Sources */ = {isa = PBXBuildFile; fileRef = 0349DFA82B5E3E0E00BA3E49 /* ContentView.swift */; };
		0349DFAB2B5E3E0F00BA3E49 /* Assets.xcassets in Resources */ = {isa = PBXBuildFile; fileRef = 0349DFAA2B5E3E0F00BA3E49 /* Assets.xcassets */; };
		0349DFAE2B5E3E0F00BA3E49 /* Preview Assets.xcassets in Resources */ = {isa = PBXBuildFile; fileRef = 0349DFAD2B5E3E0F00BA3E49 /* Preview Assets.xcassets */; };
		0349DFBD2B5E3EC300BA3E49 /* LoginView.swift in Sources */ = {isa = PBXBuildFile; fileRef = 0349DFBC2B5E3EC300BA3E49 /* LoginView.swift */; };
		0349DFBF2B5E454000BA3E49 /* RegistrationView.swift in Sources */ = {isa = PBXBuildFile; fileRef = 0349DFBE2B5E454000BA3E49 /* RegistrationView.swift */; };
		034E1E212B6BE3560081C095 /* ContentViewModel.swift in Sources */ = {isa = PBXBuildFile; fileRef = 034E1E202B6BE3560081C095 /* ContentViewModel.swift */; };
		035120502B9311710036134D /* Message.swift in Sources */ = {isa = PBXBuildFile; fileRef = 0351204F2B9311710036134D /* Message.swift */; };
		035120522B9312620036134D /* MessageService.swift in Sources */ = {isa = PBXBuildFile; fileRef = 035120512B9312620036134D /* MessageService.swift */; };
		035120562B9314BD0036134D /* ChatViewModel.swift in Sources */ = {isa = PBXBuildFile; fileRef = 035120552B9314BD0036134D /* ChatViewModel.swift */; };
		036B168A2B5FF8EA00A7D375 /* User.swift in Sources */ = {isa = PBXBuildFile; fileRef = 036B16892B5FF8EA00A7D375 /* User.swift */; };
		036B168D2B5FFC4300A7D375 /* CircularProfileImageView.swift in Sources */ = {isa = PBXBuildFile; fileRef = 036B168C2B5FFC4300A7D375 /* CircularProfileImageView.swift */; };
		036B16902B5FFE7900A7D375 /* ChatView.swift in Sources */ = {isa = PBXBuildFile; fileRef = 036B168F2B5FFE7900A7D375 /* ChatView.swift */; };
		036B16922B60007900A7D375 /* ChatMessageCell.swift in Sources */ = {isa = PBXBuildFile; fileRef = 036B16912B60007900A7D375 /* ChatMessageCell.swift */; };
		036B16942B60027300A7D375 /* ChatBubble.swift in Sources */ = {isa = PBXBuildFile; fileRef = 036B16932B60027300A7D375 /* ChatBubble.swift */; };
		03C012D42B6F965D00AB557C /* NewMessageViewModel.swift in Sources */ = {isa = PBXBuildFile; fileRef = 03C012D32B6F965D00AB557C /* NewMessageViewModel.swift */; };
		03C624B52B5E7865002E5887 /* InboxView.swift in Sources */ = {isa = PBXBuildFile; fileRef = 03C624B42B5E7865002E5887 /* InboxView.swift */; };
		03C624B82B5E7949002E5887 /* ActiveNowView.swift in Sources */ = {isa = PBXBuildFile; fileRef = 03C624B72B5E7949002E5887 /* ActiveNowView.swift */; };
		03C624BA2B5E7A90002E5887 /* InboxRowView.swift in Sources */ = {isa = PBXBuildFile; fileRef = 03C624B92B5E7A90002E5887 /* InboxRowView.swift */; };
		03C624BD2B5E7E03002E5887 /* NewMessageView.swift in Sources */ = {isa = PBXBuildFile; fileRef = 03C624BC2B5E7E03002E5887 /* NewMessageView.swift */; };
		03C624C22B5E8080002E5887 /* ProfileView.swift in Sources */ = {isa = PBXBuildFile; fileRef = 03C624C12B5E8080002E5887 /* ProfileView.swift */; };
		03C624C42B5E8160002E5887 /* SettingsOptionsViewModel.swift in Sources */ = {isa = PBXBuildFile; fileRef = 03C624C32B5E8160002E5887 /* SettingsOptionsViewModel.swift */; };
		03C624C62B5EAF0D002E5887 /* ProfileViewModel.swift in Sources */ = {isa = PBXBuildFile; fileRef = 03C624C52B5EAF0D002E5887 /* ProfileViewModel.swift */; };
		03E7A7972B614E5E0095F953 /* GoogleService-Info.plist in Resources */ = {isa = PBXBuildFile; fileRef = 03E7A7962B614E5E0095F953 /* GoogleService-Info.plist */; };
		03E7A7D22B6151400095F953 /* LoginViewModel.swift in Sources */ = {isa = PBXBuildFile; fileRef = 03E7A7D12B6151400095F953 /* LoginViewModel.swift */; };
		03E7A7D42B6151640095F953 /* RegistrationViewModel.swift in Sources */ = {isa = PBXBuildFile; fileRef = 03E7A7D32B6151640095F953 /* RegistrationViewModel.swift */; };
		03E7A7D62B61517B0095F953 /* AuthService.swift in Sources */ = {isa = PBXBuildFile; fileRef = 03E7A7D52B61517B0095F953 /* AuthService.swift */; };
		03F7C4A22B6E50C4008A6ADA /* UserService.swift in Sources */ = {isa = PBXBuildFile; fileRef = 03F7C4A12B6E50C4008A6ADA /* UserService.swift */; };
		03F7C4A62B6E52EA008A6ADA /* InboxViewModel.swift in Sources */ = {isa = PBXBuildFile; fileRef = 03F7C4A52B6E52EA008A6ADA /* InboxViewModel.swift */; };
/* End PBXBuildFile section */

/* Begin PBXFileReference section */
		0331A0E92BB55DCB00D88C58 /* Date.swift */ = {isa = PBXFileReference; lastKnownFileType = sourcecode.swift; path = Date.swift; sourceTree = "<group>"; };
		0349B4822B95FBC50008FC08 /* ChatService.swift */ = {isa = PBXFileReference; lastKnownFileType = sourcecode.swift; path = ChatService.swift; sourceTree = "<group>"; };
		0349B4852B95FC6C0008FC08 /* Constants.swift */ = {isa = PBXFileReference; lastKnownFileType = sourcecode.swift; path = Constants.swift; sourceTree = "<group>"; };
		0349B4882B95FF1D0008FC08 /* InboxService.swift */ = {isa = PBXFileReference; lastKnownFileType = sourcecode.swift; path = InboxService.swift; sourceTree = "<group>"; };
		0349DFA32B5E3E0E00BA3E49 /* Messanger.app */ = {isa = PBXFileReference; explicitFileType = wrapper.application; includeInIndex = 0; path = Messanger.app; sourceTree = BUILT_PRODUCTS_DIR; };
		0349DFA62B5E3E0E00BA3E49 /* MessangerApp.swift */ = {isa = PBXFileReference; lastKnownFileType = sourcecode.swift; path = MessangerApp.swift; sourceTree = "<group>"; };
		0349DFA82B5E3E0E00BA3E49 /* ContentView.swift */ = {isa = PBXFileReference; lastKnownFileType = sourcecode.swift; path = ContentView.swift; sourceTree = "<group>"; };
		0349DFAA2B5E3E0F00BA3E49 /* Assets.xcassets */ = {isa = PBXFileReference; lastKnownFileType = folder.assetcatalog; path = Assets.xcassets; sourceTree = "<group>"; };
		0349DFAD2B5E3E0F00BA3E49 /* Preview Assets.xcassets */ = {isa = PBXFileReference; lastKnownFileType = folder.assetcatalog; path = "Preview Assets.xcassets"; sourceTree = "<group>"; };
		0349DFBC2B5E3EC300BA3E49 /* LoginView.swift */ = {isa = PBXFileReference; lastKnownFileType = sourcecode.swift; path = LoginView.swift; sourceTree = "<group>"; };
		0349DFBE2B5E454000BA3E49 /* RegistrationView.swift */ = {isa = PBXFileReference; lastKnownFileType = sourcecode.swift; path = RegistrationView.swift; sourceTree = "<group>"; };
		034E1E202B6BE3560081C095 /* ContentViewModel.swift */ = {isa = PBXFileReference; lastKnownFileType = sourcecode.swift; path = ContentViewModel.swift; sourceTree = "<group>"; };
		0351204F2B9311710036134D /* Message.swift */ = {isa = PBXFileReference; lastKnownFileType = sourcecode.swift; path = Message.swift; sourceTree = "<group>"; };
		035120512B9312620036134D /* MessageService.swift */ = {isa = PBXFileReference; lastKnownFileType = sourcecode.swift; path = MessageService.swift; sourceTree = "<group>"; };
		035120552B9314BD0036134D /* ChatViewModel.swift */ = {isa = PBXFileReference; lastKnownFileType = sourcecode.swift; path = ChatViewModel.swift; sourceTree = "<group>"; };
		036B16892B5FF8EA00A7D375 /* User.swift */ = {isa = PBXFileReference; lastKnownFileType = sourcecode.swift; path = User.swift; sourceTree = "<group>"; };
		036B168C2B5FFC4300A7D375 /* CircularProfileImageView.swift */ = {isa = PBXFileReference; lastKnownFileType = sourcecode.swift; path = CircularProfileImageView.swift; sourceTree = "<group>"; };
		036B168F2B5FFE7900A7D375 /* ChatView.swift */ = {isa = PBXFileReference; lastKnownFileType = sourcecode.swift; path = ChatView.swift; sourceTree = "<group>"; };
		036B16912B60007900A7D375 /* ChatMessageCell.swift */ = {isa = PBXFileReference; lastKnownFileType = sourcecode.swift; path = ChatMessageCell.swift; sourceTree = "<group>"; };
		036B16932B60027300A7D375 /* ChatBubble.swift */ = {isa = PBXFileReference; lastKnownFileType = sourcecode.swift; path = ChatBubble.swift; sourceTree = "<group>"; };
		03C012D32B6F965D00AB557C /* NewMessageViewModel.swift */ = {isa = PBXFileReference; lastKnownFileType = sourcecode.swift; path = NewMessageViewModel.swift; sourceTree = "<group>"; };
		03C624B42B5E7865002E5887 /* InboxView.swift */ = {isa = PBXFileReference; lastKnownFileType = sourcecode.swift; path = InboxView.swift; sourceTree = "<group>"; };
		03C624B72B5E7949002E5887 /* ActiveNowView.swift */ = {isa = PBXFileReference; lastKnownFileType = sourcecode.swift; path = ActiveNowView.swift; sourceTree = "<group>"; };
		03C624B92B5E7A90002E5887 /* InboxRowView.swift */ = {isa = PBXFileReference; lastKnownFileType = sourcecode.swift; path = InboxRowView.swift; sourceTree = "<group>"; };
		03C624BC2B5E7E03002E5887 /* NewMessageView.swift */ = {isa = PBXFileReference; lastKnownFileType = sourcecode.swift; path = NewMessageView.swift; sourceTree = "<group>"; };
		03C624C12B5E8080002E5887 /* ProfileView.swift */ = {isa = PBXFileReference; lastKnownFileType = sourcecode.swift; path = ProfileView.swift; sourceTree = "<group>"; };
		03C624C32B5E8160002E5887 /* SettingsOptionsViewModel.swift */ = {isa = PBXFileReference; lastKnownFileType = sourcecode.swift; path = SettingsOptionsViewModel.swift; sourceTree = "<group>"; };
		03C624C52B5EAF0D002E5887 /* ProfileViewModel.swift */ = {isa = PBXFileReference; lastKnownFileType = sourcecode.swift; path = ProfileViewModel.swift; sourceTree = "<group>"; };
		03E7A7962B614E5E0095F953 /* GoogleService-Info.plist */ = {isa = PBXFileReference; fileEncoding = 4; lastKnownFileType = text.plist.xml; path = "GoogleService-Info.plist"; sourceTree = "<group>"; };
		03E7A7D12B6151400095F953 /* LoginViewModel.swift */ = {isa = PBXFileReference; lastKnownFileType = sourcecode.swift; path = LoginViewModel.swift; sourceTree = "<group>"; };
		03E7A7D32B6151640095F953 /* RegistrationViewModel.swift */ = {isa = PBXFileReference; lastKnownFileType = sourcecode.swift; path = RegistrationViewModel.swift; sourceTree = "<group>"; };
		03E7A7D52B61517B0095F953 /* AuthService.swift */ = {isa = PBXFileReference; lastKnownFileType = sourcecode.swift; path = AuthService.swift; sourceTree = "<group>"; };
		03F7C4A12B6E50C4008A6ADA /* UserService.swift */ = {isa = PBXFileReference; lastKnownFileType = sourcecode.swift; path = UserService.swift; sourceTree = "<group>"; };
		03F7C4A52B6E52EA008A6ADA /* InboxViewModel.swift */ = {isa = PBXFileReference; lastKnownFileType = sourcecode.swift; path = InboxViewModel.swift; sourceTree = "<group>"; };
/* End PBXFileReference section */

/* Begin PBXFrameworksBuildPhase section */
		0349DFA02B5E3E0E00BA3E49 /* Frameworks */ = {
			isa = PBXFrameworksBuildPhase;
			buildActionMask = 2147483647;
			files = (
				0331A0E22BB55C2F00D88C58 /* FirebaseAuth in Frameworks */,
				0331A0E82BB55C2F00D88C58 /* FirebaseStorage in Frameworks */,
				0331A0E42BB55C2F00D88C58 /* FirebaseFirestore in Frameworks */,
				0331A0E62BB55C2F00D88C58 /* FirebaseFirestoreSwift in Frameworks */,
			);
			runOnlyForDeploymentPostprocessing = 0;
		};
/* End PBXFrameworksBuildPhase section */

/* Begin PBXGroup section */
		0349B4812B95FBBA0008FC08 /* Service */ = {
			isa = PBXGroup;
			children = (
				0349B4822B95FBC50008FC08 /* ChatService.swift */,
			);
			path = Service;
			sourceTree = "<group>";
		};
		0349B4842B95FC5C0008FC08 /* Utils */ = {
			isa = PBXGroup;
			children = (
				0349B4852B95FC6C0008FC08 /* Constants.swift */,
			);
			path = Utils;
			sourceTree = "<group>";
		};
		0349B4872B95FF100008FC08 /* Service */ = {
			isa = PBXGroup;
			children = (
				0349B4882B95FF1D0008FC08 /* InboxService.swift */,
			);
			path = Service;
			sourceTree = "<group>";
		};
		0349DF9A2B5E3E0E00BA3E49 = {
			isa = PBXGroup;
			children = (
				03E7A7962B614E5E0095F953 /* GoogleService-Info.plist */,
				0349DFA52B5E3E0E00BA3E49 /* Messanger */,
				0349DFA42B5E3E0E00BA3E49 /* Products */,
			);
			sourceTree = "<group>";
		};
		0349DFA42B5E3E0E00BA3E49 /* Products */ = {
			isa = PBXGroup;
			children = (
				0349DFA32B5E3E0E00BA3E49 /* Messanger.app */,
			);
			name = Products;
			sourceTree = "<group>";
		};
		0349DFA52B5E3E0E00BA3E49 /* Messanger */ = {
			isa = PBXGroup;
			children = (
				0349B4842B95FC5C0008FC08 /* Utils */,
				0349DFAA2B5E3E0F00BA3E49 /* Assets.xcassets */,
				0349DFB82B5E3E4100BA3E49 /* App */,
				0349DFB72B5E3E3E00BA3E49 /* Core */,
				0349DFB42B5E3E2C00BA3E49 /* Extensions */,
				0349DFB62B5E3E3900BA3E49 /* Model */,
				0349DFAC2B5E3E0F00BA3E49 /* Preview Content */,
				0349DFB52B5E3E3600BA3E49 /* Service */,
			);
			path = Messanger;
			sourceTree = "<group>";
		};
		0349DFAC2B5E3E0F00BA3E49 /* Preview Content */ = {
			isa = PBXGroup;
			children = (
				0349DFAD2B5E3E0F00BA3E49 /* Preview Assets.xcassets */,
			);
			path = "Preview Content";
			sourceTree = "<group>";
		};
		0349DFB42B5E3E2C00BA3E49 /* Extensions */ = {
			isa = PBXGroup;
			children = (
				0331A0E92BB55DCB00D88C58 /* Date.swift */,
			);
			path = Extensions;
			sourceTree = "<group>";
		};
		0349DFB52B5E3E3600BA3E49 /* Service */ = {
			isa = PBXGroup;
			children = (
				03F7C4A12B6E50C4008A6ADA /* UserService.swift */,
				035120512B9312620036134D /* MessageService.swift */,
			);
			path = Service;
			sourceTree = "<group>";
		};
		0349DFB62B5E3E3900BA3E49 /* Model */ = {
			isa = PBXGroup;
			children = (
				036B16892B5FF8EA00A7D375 /* User.swift */,
				0351204F2B9311710036134D /* Message.swift */,
			);
			path = Model;
			sourceTree = "<group>";
		};
		0349DFB72B5E3E3E00BA3E49 /* Core */ = {
			isa = PBXGroup;
			children = (
				0349DFBA2B5E3EAD00BA3E49 /* Root */,
				036B168E2B5FFE6900A7D375 /* Chat */,
				036B168B2B5FFC3300A7D375 /* Components */,
				03C624BE2B5E8063002E5887 /* Profile */,
				03C624BB2B5E7DF2002E5887 /* NewMessage */,
				03C624B62B5E7938002E5887 /* ActiveNow */,
				03C624B32B5E7852002E5887 /* Inbox */,
				0349DFB92B5E3EA300BA3E49 /* Authentication */,
			);
			path = Core;
			sourceTree = "<group>";
		};
		0349DFB82B5E3E4100BA3E49 /* App */ = {
			isa = PBXGroup;
			children = (
				0349DFA62B5E3E0E00BA3E49 /* MessangerApp.swift */,
			);
			path = App;
			sourceTree = "<group>";
		};
		0349DFB92B5E3EA300BA3E49 /* Authentication */ = {
			isa = PBXGroup;
			children = (
				03E7A7D02B61511D0095F953 /* ViewModel */,
				03E7A7CF2B6151160095F953 /* Service */,
				0349DFBB2B5E3EB600BA3E49 /* View */,
			);
			path = Authentication;
			sourceTree = "<group>";
		};
		0349DFBA2B5E3EAD00BA3E49 /* Root */ = {
			isa = PBXGroup;
			children = (
				034E1E1F2B6BE3430081C095 /* ViewModel */,
				034E1E1E2B6BE33C0081C095 /* View */,
			);
			path = Root;
			sourceTree = "<group>";
		};
		0349DFBB2B5E3EB600BA3E49 /* View */ = {
			isa = PBXGroup;
			children = (
				0349DFBC2B5E3EC300BA3E49 /* LoginView.swift */,
				0349DFBE2B5E454000BA3E49 /* RegistrationView.swift */,
			);
			path = View;
			sourceTree = "<group>";
		};
		034E1E1E2B6BE33C0081C095 /* View */ = {
			isa = PBXGroup;
			children = (
				0349DFA82B5E3E0E00BA3E49 /* ContentView.swift */,
			);
			path = View;
			sourceTree = "<group>";
		};
		034E1E1F2B6BE3430081C095 /* ViewModel */ = {
			isa = PBXGroup;
			children = (
				034E1E202B6BE3560081C095 /* ContentViewModel.swift */,
			);
			path = ViewModel;
			sourceTree = "<group>";
		};
		035120532B9314A70036134D /* View */ = {
			isa = PBXGroup;
			children = (
				036B168F2B5FFE7900A7D375 /* ChatView.swift */,
				036B16932B60027300A7D375 /* ChatBubble.swift */,
				036B16912B60007900A7D375 /* ChatMessageCell.swift */,
			);
			path = View;
			sourceTree = "<group>";
		};
		035120542B9314B20036134D /* ViewModel */ = {
			isa = PBXGroup;
			children = (
				035120552B9314BD0036134D /* ChatViewModel.swift */,
			);
			path = ViewModel;
			sourceTree = "<group>";
		};
		036B168B2B5FFC3300A7D375 /* Components */ = {
			isa = PBXGroup;
			children = (
				036B168C2B5FFC4300A7D375 /* CircularProfileImageView.swift */,
			);
			path = Components;
			sourceTree = "<group>";
		};
		036B168E2B5FFE6900A7D375 /* Chat */ = {
			isa = PBXGroup;
			children = (
				0349B4812B95FBBA0008FC08 /* Service */,
				035120542B9314B20036134D /* ViewModel */,
				035120532B9314A70036134D /* View */,
			);
			path = Chat;
			sourceTree = "<group>";
		};
		03C012D12B6F964600AB557C /* Views */ = {
			isa = PBXGroup;
			children = (
				03C624BC2B5E7E03002E5887 /* NewMessageView.swift */,
			);
			path = Views;
			sourceTree = "<group>";
		};
		03C012D22B6F964C00AB557C /* ViewModels */ = {
			isa = PBXGroup;
			children = (
				03C012D32B6F965D00AB557C /* NewMessageViewModel.swift */,
			);
			path = ViewModels;
			sourceTree = "<group>";
		};
		03C624B32B5E7852002E5887 /* Inbox */ = {
			isa = PBXGroup;
			children = (
				0349B4872B95FF100008FC08 /* Service */,
				03F7C4A42B6E52D6008A6ADA /* ViewModels */,
				03F7C4A32B6E5285008A6ADA /* Views */,
			);
			path = Inbox;
			sourceTree = "<group>";
		};
		03C624B62B5E7938002E5887 /* ActiveNow */ = {
			isa = PBXGroup;
			children = (
				03C624B72B5E7949002E5887 /* ActiveNowView.swift */,
			);
			path = ActiveNow;
			sourceTree = "<group>";
		};
		03C624BB2B5E7DF2002E5887 /* NewMessage */ = {
			isa = PBXGroup;
			children = (
				03C012D22B6F964C00AB557C /* ViewModels */,
				03C012D12B6F964600AB557C /* Views */,
			);
			path = NewMessage;
			sourceTree = "<group>";
		};
		03C624BE2B5E8063002E5887 /* Profile */ = {
			isa = PBXGroup;
			children = (
				03C624C02B5E8074002E5887 /* View */,
				03C624BF2B5E806D002E5887 /* ViewModel */,
			);
			path = Profile;
			sourceTree = "<group>";
		};
		03C624BF2B5E806D002E5887 /* ViewModel */ = {
			isa = PBXGroup;
			children = (
				03C624C32B5E8160002E5887 /* SettingsOptionsViewModel.swift */,
				03C624C52B5EAF0D002E5887 /* ProfileViewModel.swift */,
			);
			path = ViewModel;
			sourceTree = "<group>";
		};
		03C624C02B5E8074002E5887 /* View */ = {
			isa = PBXGroup;
			children = (
				03C624C12B5E8080002E5887 /* ProfileView.swift */,
			);
			path = View;
			sourceTree = "<group>";
		};
		03E7A7CF2B6151160095F953 /* Service */ = {
			isa = PBXGroup;
			children = (
				03E7A7D52B61517B0095F953 /* AuthService.swift */,
			);
			path = Service;
			sourceTree = "<group>";
		};
		03E7A7D02B61511D0095F953 /* ViewModel */ = {
			isa = PBXGroup;
			children = (
				03E7A7D12B6151400095F953 /* LoginViewModel.swift */,
				03E7A7D32B6151640095F953 /* RegistrationViewModel.swift */,
			);
			path = ViewModel;
			sourceTree = "<group>";
		};
		03F7C4A32B6E5285008A6ADA /* Views */ = {
			isa = PBXGroup;
			children = (
				03C624B42B5E7865002E5887 /* InboxView.swift */,
				03C624B92B5E7A90002E5887 /* InboxRowView.swift */,
			);
			path = Views;
			sourceTree = "<group>";
		};
		03F7C4A42B6E52D6008A6ADA /* ViewModels */ = {
			isa = PBXGroup;
			children = (
				03F7C4A52B6E52EA008A6ADA /* InboxViewModel.swift */,
			);
			path = ViewModels;
			sourceTree = "<group>";
		};
/* End PBXGroup section */

/* Begin PBXNativeTarget section */
		0349DFA22B5E3E0E00BA3E49 /* Messanger */ = {
			isa = PBXNativeTarget;
			buildConfigurationList = 0349DFB12B5E3E0F00BA3E49 /* Build configuration list for PBXNativeTarget "Messanger" */;
			buildPhases = (
				0349DF9F2B5E3E0E00BA3E49 /* Sources */,
				0349DFA02B5E3E0E00BA3E49 /* Frameworks */,
				0349DFA12B5E3E0E00BA3E49 /* Resources */,
			);
			buildRules = (
			);
			dependencies = (
			);
			name = Messanger;
			packageProductDependencies = (
				0331A0E12BB55C2F00D88C58 /* FirebaseAuth */,
				0331A0E32BB55C2F00D88C58 /* FirebaseFirestore */,
				0331A0E52BB55C2F00D88C58 /* FirebaseFirestoreSwift */,
				0331A0E72BB55C2F00D88C58 /* FirebaseStorage */,
			);
			productName = Messanger;
			productReference = 0349DFA32B5E3E0E00BA3E49 /* Messanger.app */;
			productType = "com.apple.product-type.application";
		};
/* End PBXNativeTarget section */

/* Begin PBXProject section */
		0349DF9B2B5E3E0E00BA3E49 /* Project object */ = {
			isa = PBXProject;
			attributes = {
				BuildIndependentTargetsInParallel = 1;
				LastSwiftUpdateCheck = 1510;
				LastUpgradeCheck = 1510;
				TargetAttributes = {
					0349DFA22B5E3E0E00BA3E49 = {
						CreatedOnToolsVersion = 15.1;
					};
				};
			};
			buildConfigurationList = 0349DF9E2B5E3E0E00BA3E49 /* Build configuration list for PBXProject "Messanger" */;
			compatibilityVersion = "Xcode 14.0";
			developmentRegion = en;
			hasScannedForEncodings = 0;
			knownRegions = (
				en,
				Base,
			);
			mainGroup = 0349DF9A2B5E3E0E00BA3E49;
			packageReferences = (
				0331A0E02BB55C2F00D88C58 /* XCRemoteSwiftPackageReference "firebase-ios-sdk" */,
			);
			productRefGroup = 0349DFA42B5E3E0E00BA3E49 /* Products */;
			projectDirPath = "";
			projectRoot = "";
			targets = (
				0349DFA22B5E3E0E00BA3E49 /* Messanger */,
			);
		};
/* End PBXProject section */

/* Begin PBXResourcesBuildPhase section */
		0349DFA12B5E3E0E00BA3E49 /* Resources */ = {
			isa = PBXResourcesBuildPhase;
			buildActionMask = 2147483647;
			files = (
				0349DFAE2B5E3E0F00BA3E49 /* Preview Assets.xcassets in Resources */,
				0349DFAB2B5E3E0F00BA3E49 /* Assets.xcassets in Resources */,
				03E7A7972B614E5E0095F953 /* GoogleService-Info.plist in Resources */,
			);
			runOnlyForDeploymentPostprocessing = 0;
		};
/* End PBXResourcesBuildPhase section */

/* Begin PBXSourcesBuildPhase section */
		0349DF9F2B5E3E0E00BA3E49 /* Sources */ = {
			isa = PBXSourcesBuildPhase;
			buildActionMask = 2147483647;
			files = (
				035120562B9314BD0036134D /* ChatViewModel.swift in Sources */,
				0331A0EA2BB55DCB00D88C58 /* Date.swift in Sources */,
				03C624BA2B5E7A90002E5887 /* InboxRowView.swift in Sources */,
				03F7C4A62B6E52EA008A6ADA /* InboxViewModel.swift in Sources */,
				03E7A7D42B6151640095F953 /* RegistrationViewModel.swift in Sources */,
				03C624C22B5E8080002E5887 /* ProfileView.swift in Sources */,
				03C624BD2B5E7E03002E5887 /* NewMessageView.swift in Sources */,
				034E1E212B6BE3560081C095 /* ContentViewModel.swift in Sources */,
				0349DFBD2B5E3EC300BA3E49 /* LoginView.swift in Sources */,
				036B16902B5FFE7900A7D375 /* ChatView.swift in Sources */,
				03E7A7D62B61517B0095F953 /* AuthService.swift in Sources */,
				0349DFA92B5E3E0E00BA3E49 /* ContentView.swift in Sources */,
				0349B4892B95FF1D0008FC08 /* InboxService.swift in Sources */,
				0349B4862B95FC6C0008FC08 /* Constants.swift in Sources */,
				036B16922B60007900A7D375 /* ChatMessageCell.swift in Sources */,
				036B16942B60027300A7D375 /* ChatBubble.swift in Sources */,
				036B168D2B5FFC4300A7D375 /* CircularProfileImageView.swift in Sources */,
				0349B4832B95FBC50008FC08 /* ChatService.swift in Sources */,
				03C624B52B5E7865002E5887 /* InboxView.swift in Sources */,
				03E7A7D22B6151400095F953 /* LoginViewModel.swift in Sources */,
				03C012D42B6F965D00AB557C /* NewMessageViewModel.swift in Sources */,
				03F7C4A22B6E50C4008A6ADA /* UserService.swift in Sources */,
				03C624B82B5E7949002E5887 /* ActiveNowView.swift in Sources */,
				03C624C62B5EAF0D002E5887 /* ProfileViewModel.swift in Sources */,
				036B168A2B5FF8EA00A7D375 /* User.swift in Sources */,
				035120522B9312620036134D /* MessageService.swift in Sources */,
				0349DFA72B5E3E0E00BA3E49 /* MessangerApp.swift in Sources */,
				035120502B9311710036134D /* Message.swift in Sources */,
				03C624C42B5E8160002E5887 /* SettingsOptionsViewModel.swift in Sources */,
				0349DFBF2B5E454000BA3E49 /* RegistrationView.swift in Sources */,
			);
			runOnlyForDeploymentPostprocessing = 0;
		};
/* End PBXSourcesBuildPhase section */

/* Begin XCBuildConfiguration section */
		0349DFAF2B5E3E0F00BA3E49 /* Debug */ = {
			isa = XCBuildConfiguration;
			buildSettings = {
				ALWAYS_SEARCH_USER_PATHS = NO;
				ASSETCATALOG_COMPILER_GENERATE_SWIFT_ASSET_SYMBOL_EXTENSIONS = YES;
				CLANG_ANALYZER_NONNULL = YES;
				CLANG_ANALYZER_NUMBER_OBJECT_CONVERSION = YES_AGGRESSIVE;
				CLANG_CXX_LANGUAGE_STANDARD = "gnu++20";
				CLANG_ENABLE_MODULES = YES;
				CLANG_ENABLE_OBJC_ARC = YES;
				CLANG_ENABLE_OBJC_WEAK = YES;
				CLANG_WARN_BLOCK_CAPTURE_AUTORELEASING = YES;
				CLANG_WARN_BOOL_CONVERSION = YES;
				CLANG_WARN_COMMA = YES;
				CLANG_WARN_CONSTANT_CONVERSION = YES;
				CLANG_WARN_DEPRECATED_OBJC_IMPLEMENTATIONS = YES;
				CLANG_WARN_DIRECT_OBJC_ISA_USAGE = YES_ERROR;
				CLANG_WARN_DOCUMENTATION_COMMENTS = YES;
				CLANG_WARN_EMPTY_BODY = YES;
				CLANG_WARN_ENUM_CONVERSION = YES;
				CLANG_WARN_INFINITE_RECURSION = YES;
				CLANG_WARN_INT_CONVERSION = YES;
				CLANG_WARN_NON_LITERAL_NULL_CONVERSION = YES;
				CLANG_WARN_OBJC_IMPLICIT_RETAIN_SELF = YES;
				CLANG_WARN_OBJC_LITERAL_CONVERSION = YES;
				CLANG_WARN_OBJC_ROOT_CLASS = YES_ERROR;
				CLANG_WARN_QUOTED_INCLUDE_IN_FRAMEWORK_HEADER = YES;
				CLANG_WARN_RANGE_LOOP_ANALYSIS = YES;
				CLANG_WARN_STRICT_PROTOTYPES = YES;
				CLANG_WARN_SUSPICIOUS_MOVE = YES;
				CLANG_WARN_UNGUARDED_AVAILABILITY = YES_AGGRESSIVE;
				CLANG_WARN_UNREACHABLE_CODE = YES;
				CLANG_WARN__DUPLICATE_METHOD_MATCH = YES;
				COPY_PHASE_STRIP = NO;
				DEBUG_INFORMATION_FORMAT = dwarf;
				ENABLE_STRICT_OBJC_MSGSEND = YES;
				ENABLE_TESTABILITY = YES;
				ENABLE_USER_SCRIPT_SANDBOXING = YES;
				GCC_C_LANGUAGE_STANDARD = gnu17;
				GCC_DYNAMIC_NO_PIC = NO;
				GCC_NO_COMMON_BLOCKS = YES;
				GCC_OPTIMIZATION_LEVEL = 0;
				GCC_PREPROCESSOR_DEFINITIONS = (
					"DEBUG=1",
					"$(inherited)",
				);
				GCC_WARN_64_TO_32_BIT_CONVERSION = YES;
				GCC_WARN_ABOUT_RETURN_TYPE = YES_ERROR;
				GCC_WARN_UNDECLARED_SELECTOR = YES;
				GCC_WARN_UNINITIALIZED_AUTOS = YES_AGGRESSIVE;
				GCC_WARN_UNUSED_FUNCTION = YES;
				GCC_WARN_UNUSED_VARIABLE = YES;
				IPHONEOS_DEPLOYMENT_TARGET = 17.2;
				LOCALIZATION_PREFERS_STRING_CATALOGS = YES;
				MTL_ENABLE_DEBUG_INFO = INCLUDE_SOURCE;
				MTL_FAST_MATH = YES;
				ONLY_ACTIVE_ARCH = YES;
				SDKROOT = iphoneos;
				SWIFT_ACTIVE_COMPILATION_CONDITIONS = "DEBUG $(inherited)";
				SWIFT_OPTIMIZATION_LEVEL = "-Onone";
			};
			name = Debug;
		};
		0349DFB02B5E3E0F00BA3E49 /* Release */ = {
			isa = XCBuildConfiguration;
			buildSettings = {
				ALWAYS_SEARCH_USER_PATHS = NO;
				ASSETCATALOG_COMPILER_GENERATE_SWIFT_ASSET_SYMBOL_EXTENSIONS = YES;
				CLANG_ANALYZER_NONNULL = YES;
				CLANG_ANALYZER_NUMBER_OBJECT_CONVERSION = YES_AGGRESSIVE;
				CLANG_CXX_LANGUAGE_STANDARD = "gnu++20";
				CLANG_ENABLE_MODULES = YES;
				CLANG_ENABLE_OBJC_ARC = YES;
				CLANG_ENABLE_OBJC_WEAK = YES;
				CLANG_WARN_BLOCK_CAPTURE_AUTORELEASING = YES;
				CLANG_WARN_BOOL_CONVERSION = YES;
				CLANG_WARN_COMMA = YES;
				CLANG_WARN_CONSTANT_CONVERSION = YES;
				CLANG_WARN_DEPRECATED_OBJC_IMPLEMENTATIONS = YES;
				CLANG_WARN_DIRECT_OBJC_ISA_USAGE = YES_ERROR;
				CLANG_WARN_DOCUMENTATION_COMMENTS = YES;
				CLANG_WARN_EMPTY_BODY = YES;
				CLANG_WARN_ENUM_CONVERSION = YES;
				CLANG_WARN_INFINITE_RECURSION = YES;
				CLANG_WARN_INT_CONVERSION = YES;
				CLANG_WARN_NON_LITERAL_NULL_CONVERSION = YES;
				CLANG_WARN_OBJC_IMPLICIT_RETAIN_SELF = YES;
				CLANG_WARN_OBJC_LITERAL_CONVERSION = YES;
				CLANG_WARN_OBJC_ROOT_CLASS = YES_ERROR;
				CLANG_WARN_QUOTED_INCLUDE_IN_FRAMEWORK_HEADER = YES;
				CLANG_WARN_RANGE_LOOP_ANALYSIS = YES;
				CLANG_WARN_STRICT_PROTOTYPES = YES;
				CLANG_WARN_SUSPICIOUS_MOVE = YES;
				CLANG_WARN_UNGUARDED_AVAILABILITY = YES_AGGRESSIVE;
				CLANG_WARN_UNREACHABLE_CODE = YES;
				CLANG_WARN__DUPLICATE_METHOD_MATCH = YES;
				COPY_PHASE_STRIP = NO;
				DEBUG_INFORMATION_FORMAT = "dwarf-with-dsym";
				ENABLE_NS_ASSERTIONS = NO;
				ENABLE_STRICT_OBJC_MSGSEND = YES;
				ENABLE_USER_SCRIPT_SANDBOXING = YES;
				GCC_C_LANGUAGE_STANDARD = gnu17;
				GCC_NO_COMMON_BLOCKS = YES;
				GCC_WARN_64_TO_32_BIT_CONVERSION = YES;
				GCC_WARN_ABOUT_RETURN_TYPE = YES_ERROR;
				GCC_WARN_UNDECLARED_SELECTOR = YES;
				GCC_WARN_UNINITIALIZED_AUTOS = YES_AGGRESSIVE;
				GCC_WARN_UNUSED_FUNCTION = YES;
				GCC_WARN_UNUSED_VARIABLE = YES;
				IPHONEOS_DEPLOYMENT_TARGET = 17.2;
				LOCALIZATION_PREFERS_STRING_CATALOGS = YES;
				MTL_ENABLE_DEBUG_INFO = NO;
				MTL_FAST_MATH = YES;
				SDKROOT = iphoneos;
				SWIFT_COMPILATION_MODE = wholemodule;
				VALIDATE_PRODUCT = YES;
			};
			name = Release;
		};
		0349DFB22B5E3E0F00BA3E49 /* Debug */ = {
			isa = XCBuildConfiguration;
			buildSettings = {
				ASSETCATALOG_COMPILER_APPICON_NAME = AppIcon;
				ASSETCATALOG_COMPILER_GLOBAL_ACCENT_COLOR_NAME = AccentColor;
				CODE_SIGN_STYLE = Automatic;
				CURRENT_PROJECT_VERSION = 1;
				DEVELOPMENT_ASSET_PATHS = "\"Messanger/Preview Content\"";
				DEVELOPMENT_TEAM = 5PUXU9ZVCG;
				ENABLE_PREVIEWS = YES;
				GENERATE_INFOPLIST_FILE = YES;
				INFOPLIST_KEY_UIApplicationSceneManifest_Generation = YES;
				INFOPLIST_KEY_UIApplicationSupportsIndirectInputEvents = YES;
				INFOPLIST_KEY_UILaunchScreen_Generation = YES;
				INFOPLIST_KEY_UISupportedInterfaceOrientations_iPad = "UIInterfaceOrientationPortrait UIInterfaceOrientationPortraitUpsideDown UIInterfaceOrientationLandscapeLeft UIInterfaceOrientationLandscapeRight";
				INFOPLIST_KEY_UISupportedInterfaceOrientations_iPhone = "UIInterfaceOrientationPortrait UIInterfaceOrientationLandscapeLeft UIInterfaceOrientationLandscapeRight";
				LD_RUNPATH_SEARCH_PATHS = (
					"$(inherited)",
					"@executable_path/Frameworks",
				);
				MARKETING_VERSION = 1.0;
				PRODUCT_BUNDLE_IDENTIFIER = com.Soumik.messangerApp.Messanger;
				PRODUCT_NAME = "$(TARGET_NAME)";
				SWIFT_EMIT_LOC_STRINGS = YES;
				SWIFT_VERSION = 5.0;
				TARGETED_DEVICE_FAMILY = "1,2";
			};
			name = Debug;
		};
		0349DFB32B5E3E0F00BA3E49 /* Release */ = {
			isa = XCBuildConfiguration;
			buildSettings = {
				ASSETCATALOG_COMPILER_APPICON_NAME = AppIcon;
				ASSETCATALOG_COMPILER_GLOBAL_ACCENT_COLOR_NAME = AccentColor;
				CODE_SIGN_STYLE = Automatic;
				CURRENT_PROJECT_VERSION = 1;
				DEVELOPMENT_ASSET_PATHS = "\"Messanger/Preview Content\"";
				DEVELOPMENT_TEAM = 5PUXU9ZVCG;
				ENABLE_PREVIEWS = YES;
				GENERATE_INFOPLIST_FILE = YES;
				INFOPLIST_KEY_UIApplicationSceneManifest_Generation = YES;
				INFOPLIST_KEY_UIApplicationSupportsIndirectInputEvents = YES;
				INFOPLIST_KEY_UILaunchScreen_Generation = YES;
				INFOPLIST_KEY_UISupportedInterfaceOrientations_iPad = "UIInterfaceOrientationPortrait UIInterfaceOrientationPortraitUpsideDown UIInterfaceOrientationLandscapeLeft UIInterfaceOrientationLandscapeRight";
				INFOPLIST_KEY_UISupportedInterfaceOrientations_iPhone = "UIInterfaceOrientationPortrait UIInterfaceOrientationLandscapeLeft UIInterfaceOrientationLandscapeRight";
				LD_RUNPATH_SEARCH_PATHS = (
					"$(inherited)",
					"@executable_path/Frameworks",
				);
				MARKETING_VERSION = 1.0;
				PRODUCT_BUNDLE_IDENTIFIER = com.Soumik.messangerApp.Messanger;
				PRODUCT_NAME = "$(TARGET_NAME)";
				SWIFT_EMIT_LOC_STRINGS = YES;
				SWIFT_VERSION = 5.0;
				TARGETED_DEVICE_FAMILY = "1,2";
			};
			name = Release;
		};
/* End XCBuildConfiguration section */

/* Begin XCConfigurationList section */
		0349DF9E2B5E3E0E00BA3E49 /* Build configuration list for PBXProject "Messanger" */ = {
			isa = XCConfigurationList;
			buildConfigurations = (
				0349DFAF2B5E3E0F00BA3E49 /* Debug */,
				0349DFB02B5E3E0F00BA3E49 /* Release */,
			);
			defaultConfigurationIsVisible = 0;
			defaultConfigurationName = Release;
		};
		0349DFB12B5E3E0F00BA3E49 /* Build configuration list for PBXNativeTarget "Messanger" */ = {
			isa = XCConfigurationList;
			buildConfigurations = (
				0349DFB22B5E3E0F00BA3E49 /* Debug */,
				0349DFB32B5E3E0F00BA3E49 /* Release */,
			);
			defaultConfigurationIsVisible = 0;
			defaultConfigurationName = Release;
		};
/* End XCConfigurationList section */

/* Begin XCRemoteSwiftPackageReference section */
		0331A0E02BB55C2F00D88C58 /* XCRemoteSwiftPackageReference "firebase-ios-sdk" */ = {
			isa = XCRemoteSwiftPackageReference;
			repositoryURL = "https://github.com/firebase/firebase-ios-sdk";
			requirement = {
				kind = upToNextMajorVersion;
				minimumVersion = 10.23.0;
			};
		};
/* End XCRemoteSwiftPackageReference section */

/* Begin XCSwiftPackageProductDependency section */
		0331A0E12BB55C2F00D88C58 /* FirebaseAuth */ = {
			isa = XCSwiftPackageProductDependency;
			package = 0331A0E02BB55C2F00D88C58 /* XCRemoteSwiftPackageReference "firebase-ios-sdk" */;
			productName = FirebaseAuth;
		};
		0331A0E32BB55C2F00D88C58 /* FirebaseFirestore */ = {
			isa = XCSwiftPackageProductDependency;
			package = 0331A0E02BB55C2F00D88C58 /* XCRemoteSwiftPackageReference "firebase-ios-sdk" */;
			productName = FirebaseFirestore;
		};
		0331A0E52BB55C2F00D88C58 /* FirebaseFirestoreSwift */ = {
			isa = XCSwiftPackageProductDependency;
			package = 0331A0E02BB55C2F00D88C58 /* XCRemoteSwiftPackageReference "firebase-ios-sdk" */;
			productName = FirebaseFirestoreSwift;
		};
		0331A0E72BB55C2F00D88C58 /* FirebaseStorage */ = {
			isa = XCSwiftPackageProductDependency;
			package = 0331A0E02BB55C2F00D88C58 /* XCRemoteSwiftPackageReference "firebase-ios-sdk" */;
			productName = FirebaseStorage;
		};
/* End XCSwiftPackageProductDependency section */
	};
	rootObject = 0349DF9B2B5E3E0E00BA3E49 /* Project object */;
}
